
Microsoft Visual Studio Solution File, Format Version 12.00
# Visual Studio 15
VisualStudioVersion = 15.0.27703.2035
MinimumVisualStudioVersion = 10.0.40219.1
Project("{8BC9CEB8-8B4A-11D0-8D11-00A0C91BC942}") = "tushuguan7-7", "tushuguan7-7\tushuguan7-7.vcxproj", "{5D4F8D62-C088-4375-A879-1365FE9240CB}"
EndProject
Global
	GlobalSection(SolutionConfigurationPlatforms) = preSolution
		Debug|x64 = Debug|x64
		Debug|x86 = Debug|x86
		Release|x64 = Release|x64
		Release|x86 = Release|x86
	EndGlobalSection
	GlobalSection(ProjectConfigurationPlatforms) = postSolution
		{5D4F8D62-C088-4375-A879-1365FE9240CB}.Debug|x64.ActiveCfg = Debug|x64
		{5D4F8D62-C088-4375-A879-1365FE9240CB}.Debug|x64.Build.0 = Debug|x64
		{5D4F8D62-C088-4375-A879-1365FE9240CB}.Debug|x86.ActiveCfg = Debug|Win32
		{5D4F8D62-C088-4375-A879-1365FE9240CB}.Debug|x86.Build.0 = Debug|Win32
		{5D4F8D62-C088-4375-A879-1365FE9240CB}.Release|x64.ActiveCfg = Release|x64
		{5D4F8D62-C088-4375-A879-1365FE9240CB}.Release|x64.Build.0 = Release|x64
		{5D4F8D62-C088-4375-A879-1365FE9240CB}.Release|x86.ActiveCfg = Release|Win32
		{5D4F8D62-C088-4375-A879-1365FE9240CB}.Release|x86.Build.0 = Release|Win32
	EndGlobalSection
	GlobalSection(SolutionProperties) = preSolution
		HideSolutionNode = FALSE
	EndGlobalSection
	GlobalSection(ExtensibilityGlobals) = postSolution
		SolutionGuid = {E6A69705-CB91-4C3D-B25B-DE5800212AA2}
	EndGlobalSection
EndGlobal
